// !$*UTF8*$!
{
	archiveVersion = 1;
	classes = {
	};
	objectVersion = 46;
	objects = {

/* Begin PBXBuildFile section */
		20C29B611E98E3BF008EEF67 /* AppDelegate.swift in Sources */ = {isa = PBXBuildFile; fileRef = 20C29B601E98E3BF008EEF67 /* AppDelegate.swift */; };
		20C29B631E98E3BF008EEF67 /* ViewController.swift in Sources */ = {isa = PBXBuildFile; fileRef = 20C29B621E98E3BF008EEF67 /* ViewController.swift */; };
		20C29B661E98E3BF008EEF67 /* Main.storyboard in Resources */ = {isa = PBXBuildFile; fileRef = 20C29B641E98E3BF008EEF67 /* Main.storyboard */; };
		20C29B691E98E3BF008EEF67 /* MatchboxDropbox.xcdatamodeld in Sources */ = {isa = PBXBuildFile; fileRef = 20C29B671E98E3BF008EEF67 /* MatchboxDropbox.xcdatamodeld */; };
		20C29B6B1E98E3BF008EEF67 /* Assets.xcassets in Resources */ = {isa = PBXBuildFile; fileRef = 20C29B6A1E98E3BF008EEF67 /* Assets.xcassets */; };
		20C29B6E1E98E3BF008EEF67 /* LaunchScreen.storyboard in Resources */ = {isa = PBXBuildFile; fileRef = 20C29B6C1E98E3BF008EEF67 /* LaunchScreen.storyboard */; };
		20C29B791E98E3BF008EEF67 /* MatchboxDropboxTests.swift in Sources */ = {isa = PBXBuildFile; fileRef = 20C29B781E98E3BF008EEF67 /* MatchboxDropboxTests.swift */; };
/* End PBXBuildFile section */

/* Begin PBXContainerItemProxy section */
		20C29B751E98E3BF008EEF67 /* PBXContainerItemProxy */ = {
			isa = PBXContainerItemProxy;
			containerPortal = 20C29B551E98E3BF008EEF67 /* Project object */;
			proxyType = 1;
			remoteGlobalIDString = 20C29B5C1E98E3BF008EEF67;
			remoteInfo = MatchboxDropbox;
		};
/* End PBXContainerItemProxy section */

/* Begin PBXFileReference section */
		20C29B5D1E98E3BF008EEF67 /* MatchboxDropbox.app */ = {isa = PBXFileReference; explicitFileType = wrapper.application; includeInIndex = 0; path = MatchboxDropbox.app; sourceTree = BUILT_PRODUCTS_DIR; };
		20C29B601E98E3BF008EEF67 /* AppDelegate.swift */ = {isa = PBXFileReference; lastKnownFileType = sourcecode.swift; path = AppDelegate.swift; sourceTree = "<group>"; };
		20C29B621E98E3BF008EEF67 /* ViewController.swift */ = {isa = PBXFileReference; lastKnownFileType = sourcecode.swift; path = ViewController.swift; sourceTree = "<group>"; };
		20C29B651E98E3BF008EEF67 /* Base */ = {isa = PBXFileReference; lastKnownFileType = file.storyboard; name = Base; path = Base.lproj/Main.storyboard; sourceTree = "<group>"; };
		20C29B681E98E3BF008EEF67 /* MatchboxDropbox.xcdatamodel */ = {isa = PBXFileReference; lastKnownFileType = wrapper.xcdatamodel; path = MatchboxDropbox.xcdatamodel; sourceTree = "<group>"; };
		20C29B6A1E98E3BF008EEF67 /* Assets.xcassets */ = {isa = PBXFileReference; lastKnownFileType = folder.assetcatalog; path = Assets.xcassets; sourceTree = "<group>"; };
		20C29B6D1E98E3BF008EEF67 /* Base */ = {isa = PBXFileReference; lastKnownFileType = file.storyboard; name = Base; path = Base.lproj/LaunchScreen.storyboard; sourceTree = "<group>"; };
		20C29B6F1E98E3BF008EEF67 /* Info.plist */ = {isa = PBXFileReference; lastKnownFileType = text.plist.xml; path = Info.plist; sourceTree = "<group>"; };
		20C29B741E98E3BF008EEF67 /* MatchboxDropboxTests.xctest */ = {isa = PBXFileReference; explicitFileType = wrapper.cfbundle; includeInIndex = 0; path = MatchboxDropboxTests.xctest; sourceTree = BUILT_PRODUCTS_DIR; };
		20C29B781E98E3BF008EEF67 /* MatchboxDropboxTests.swift */ = {isa = PBXFileReference; lastKnownFileType = sourcecode.swift; path = MatchboxDropboxTests.swift; sourceTree = "<group>"; };
		20C29B7A1E98E3BF008EEF67 /* Info.plist */ = {isa = PBXFileReference; lastKnownFileType = text.plist.xml; path = Info.plist; sourceTree = "<group>"; };
/* End PBXFileReference section */

/* Begin PBXFrameworksBuildPhase section */
		20C29B5A1E98E3BF008EEF67 /* Frameworks */ = {
			isa = PBXFrameworksBuildPhase;
			buildActionMask = 2147483647;
			files = (
			);
			runOnlyForDeploymentPostprocessing = 0;
		};
		20C29B711E98E3BF008EEF67 /* Frameworks */ = {
			isa = PBXFrameworksBuildPhase;
			buildActionMask = 2147483647;
			files = (
			);
			runOnlyForDeploymentPostprocessing = 0;
		};
/* End PBXFrameworksBuildPhase section */

/* Begin PBXGroup section */
		20C29B541E98E3BF008EEF67 = {
			isa = PBXGroup;
			children = (
				20C29B5F1E98E3BF008EEF67 /* MatchboxDropbox */,
				20C29B771E98E3BF008EEF67 /* MatchboxDropboxTests */,
				20C29B5E1E98E3BF008EEF67 /* Products */,
			);
			sourceTree = "<group>";
		};
		20C29B5E1E98E3BF008EEF67 /* Products */ = {
			isa = PBXGroup;
			children = (
				20C29B5D1E98E3BF008EEF67 /* MatchboxDropbox.app */,
				20C29B741E98E3BF008EEF67 /* MatchboxDropboxTests.xctest */,
			);
			name = Products;
			sourceTree = "<group>";
		};
		20C29B5F1E98E3BF008EEF67 /* MatchboxDropbox */ = {
			isa = PBXGroup;
			children = (
				20C29B601E98E3BF008EEF67 /* AppDelegate.swift */,
				20C29B621E98E3BF008EEF67 /* ViewController.swift */,
				20C29B641E98E3BF008EEF67 /* Main.storyboard */,
				20C29B6A1E98E3BF008EEF67 /* Assets.xcassets */,
				20C29B6C1E98E3BF008EEF67 /* LaunchScreen.storyboard */,
				20C29B6F1E98E3BF008EEF67 /* Info.plist */,
				20C29B671E98E3BF008EEF67 /* MatchboxDropbox.xcdatamodeld */,
			);
			path = MatchboxDropbox;
			sourceTree = "<group>";
		};
		20C29B771E98E3BF008EEF67 /* MatchboxDropboxTests */ = {
			isa = PBXGroup;
			children = (
				20C29B781E98E3BF008EEF67 /* MatchboxDropboxTests.swift */,
				20C29B7A1E98E3BF008EEF67 /* Info.plist */,
			);
			path = MatchboxDropboxTests;
			sourceTree = "<group>";
		};
/* End PBXGroup section */

/* Begin PBXNativeTarget section */
		20C29B5C1E98E3BF008EEF67 /* MatchboxDropbox */ = {
			isa = PBXNativeTarget;
			buildConfigurationList = 20C29B7D1E98E3BF008EEF67 /* Build configuration list for PBXNativeTarget "MatchboxDropbox" */;
			buildPhases = (
				20C29B591E98E3BF008EEF67 /* Sources */,
				20C29B5A1E98E3BF008EEF67 /* Frameworks */,
				20C29B5B1E98E3BF008EEF67 /* Resources */,
			);
			buildRules = (
			);
			dependencies = (
			);
			name = MatchboxDropbox;
			productName = MatchboxDropbox;
			productReference = 20C29B5D1E98E3BF008EEF67 /* MatchboxDropbox.app */;
			productType = "com.apple.product-type.application";
		};
		20C29B731E98E3BF008EEF67 /* MatchboxDropboxTests */ = {
			isa = PBXNativeTarget;
			buildConfigurationList = 20C29B801E98E3BF008EEF67 /* Build configuration list for PBXNativeTarget "MatchboxDropboxTests" */;
			buildPhases = (
				20C29B701E98E3BF008EEF67 /* Sources */,
				20C29B711E98E3BF008EEF67 /* Frameworks */,
				20C29B721E98E3BF008EEF67 /* Resources */,
			);
			buildRules = (
			);
			dependencies = (
				20C29B761E98E3BF008EEF67 /* PBXTargetDependency */,
			);
			name = MatchboxDropboxTests;
			productName = MatchboxDropboxTests;
			productReference = 20C29B741E98E3BF008EEF67 /* MatchboxDropboxTests.xctest */;
			productType = "com.apple.product-type.bundle.unit-test";
		};
/* End PBXNativeTarget section */

/* Begin PBXProject section */
		20C29B551E98E3BF008EEF67 /* Project object */ = {
			isa = PBXProject;
			attributes = {
				LastSwiftUpdateCheck = 0830;
				LastUpgradeCheck = 0830;
				ORGANIZATIONNAME = "Neil Skinner";
				TargetAttributes = {
					20C29B5C1E98E3BF008EEF67 = {
						CreatedOnToolsVersion = 8.3;
						DevelopmentTeam = SFN8W959NW;
						ProvisioningStyle = Automatic;
					};
					20C29B731E98E3BF008EEF67 = {
						CreatedOnToolsVersion = 8.3;
						DevelopmentTeam = SFN8W959NW;
						ProvisioningStyle = Automatic;
						TestTargetID = 20C29B5C1E98E3BF008EEF67;
					};
				};
			};
			buildConfigurationList = 20C29B581E98E3BF008EEF67 /* Build configuration list for PBXProject "MatchboxDropbox" */;
			compatibilityVersion = "Xcode 3.2";
			developmentRegion = English;
			hasScannedForEncodings = 0;
			knownRegions = (
				en,
				Base,
			);
			mainGroup = 20C29B541E98E3BF008EEF67;
			productRefGroup = 20C29B5E1E98E3BF008EEF67 /* Products */;
			projectDirPath = "";
			projectRoot = "";
			targets = (
				20C29B5C1E98E3BF008EEF67 /* MatchboxDropbox */,
				20C29B731E98E3BF008EEF67 /* MatchboxDropboxTests */,
			);
		};
/* End PBXProject section */

/* Begin PBXResourcesBuildPhase section */
		20C29B5B1E98E3BF008EEF67 /* Resources */ = {
			isa = PBXResourcesBuildPhase;
			buildActionMask = 2147483647;
			files = (
				20C29B6E1E98E3BF008EEF67 /* LaunchScreen.storyboard in Resources */,
				20C29B6B1E98E3BF008EEF67 /* Assets.xcassets in Resources */,
				20C29B661E98E3BF008EEF67 /* Main.storyboard in Resources */,
			);
			runOnlyForDeploymentPostprocessing = 0;
		};
		20C29B721E98E3BF008EEF67 /* Resources */ = {
			isa = PBXResourcesBuildPhase;
			buildActionMask = 2147483647;
			files = (
			);
			runOnlyForDeploymentPostprocessing = 0;
		};
/* End PBXResourcesBuildPhase section */

/* Begin PBXSourcesBuildPhase section */
		20C29B591E98E3BF008EEF67 /* Sources */ = {
			isa = PBXSourcesBuildPhase;
			buildActionMask = 2147483647;
			files = (
				20C29B631E98E3BF008EEF67 /* ViewController.swift in Sources */,
				20C29B611E98E3BF008EEF67 /* AppDelegate.swift in Sources */,
				20C29B691E98E3BF008EEF67 /* MatchboxDropbox.xcdatamodeld in Sources */,
			);
			runOnlyForDeploymentPostprocessing = 0;
		};
		20C29B701E98E3BF008EEF67 /* Sources */ = {
			isa = PBXSourcesBuildPhase;
			buildActionMask = 2147483647;
			files = (
				20C29B791E98E3BF008EEF67 /* MatchboxDropboxTests.swift in Sources */,
			);
			runOnlyForDeploymentPostprocessing = 0;
		};
/* End PBXSourcesBuildPhase section */

/* Begin PBXTargetDependency section */
		20C29B761E98E3BF008EEF67 /* PBXTargetDependency */ = {
			isa = PBXTargetDependency;
			target = 20C29B5C1E98E3BF008EEF67 /* MatchboxDropbox */;
			targetProxy = 20C29B751E98E3BF008EEF67 /* PBXContainerItemProxy */;
		};
/* End PBXTargetDependency section */

/* Begin PBXVariantGroup section */
		20C29B641E98E3BF008EEF67 /* Main.storyboard */ = {
			isa = PBXVariantGroup;
			children = (
				20C29B651E98E3BF008EEF67 /* Base */,
			);
			name = Main.storyboard;
			sourceTree = "<group>";
		};
		20C29B6C1E98E3BF008EEF67 /* LaunchScreen.storyboard */ = {
			isa = PBXVariantGroup;
			children = (
				20C29B6D1E98E3BF008EEF67 /* Base */,
			);
			name = LaunchScreen.storyboard;
			sourceTree = "<group>";
		};
/* End PBXVariantGroup section */

/* Begin XCBuildConfiguration section */
		20C29B7B1E98E3BF008EEF67 /* Debug */ = {
			isa = XCBuildConfiguration;
			buildSettings = {
				ALWAYS_SEARCH_USER_PATHS = NO;
				CLANG_ANALYZER_NONNULL = YES;
				CLANG_ANALYZER_NUMBER_OBJECT_CONVERSION = YES_AGGRESSIVE;
				CLANG_CXX_LANGUAGE_STANDARD = "gnu++0x";
				CLANG_CXX_LIBRARY = "libc++";
				CLANG_ENABLE_MODULES = YES;
				CLANG_ENABLE_OBJC_ARC = YES;
				CLANG_WARN_BOOL_CONVERSION = YES;
				CLANG_WARN_CONSTANT_CONVERSION = YES;
				CLANG_WARN_DIRECT_OBJC_ISA_USAGE = YES_ERROR;
				CLANG_WARN_DOCUMENTATION_COMMENTS = YES;
				CLANG_WARN_EMPTY_BODY = YES;
				CLANG_WARN_ENUM_CONVERSION = YES;
				CLANG_WARN_INFINITE_RECURSION = YES;
				CLANG_WARN_INT_CONVERSION = YES;
				CLANG_WARN_OBJC_ROOT_CLASS = YES_ERROR;
				CLANG_WARN_SUSPICIOUS_MOVE = YES;
				CLANG_WARN_UNREACHABLE_CODE = YES;
				CLANG_WARN__DUPLICATE_METHOD_MATCH = YES;
				"CODE_SIGN_IDENTITY[sdk=iphoneos*]" = "iPhone Developer";
				COPY_PHASE_STRIP = NO;
				DEBUG_INFORMATION_FORMAT = dwarf;
				ENABLE_STRICT_OBJC_MSGSEND = YES;
				ENABLE_TESTABILITY = YES;
				GCC_C_LANGUAGE_STANDARD = gnu99;
				GCC_DYNAMIC_NO_PIC = NO;
				GCC_NO_COMMON_BLOCKS = YES;
				GCC_OPTIMIZATION_LEVEL = 0;
				GCC_PREPROCESSOR_DEFINITIONS = (
					"DEBUG=1",
					"$(inherited)",
				);
				GCC_WARN_64_TO_32_BIT_CONVERSION = YES;
				GCC_WARN_ABOUT_RETURN_TYPE = YES_ERROR;
				GCC_WARN_UNDECLARED_SELECTOR = YES;
				GCC_WARN_UNINITIALIZED_AUTOS = YES_AGGRESSIVE;
				GCC_WARN_UNUSED_FUNCTION = YES;
				GCC_WARN_UNUSED_VARIABLE = YES;
				IPHONEOS_DEPLOYMENT_TARGET = 10.3;
				MTL_ENABLE_DEBUG_INFO = YES;
				ONLY_ACTIVE_ARCH = YES;
				SDKROOT = iphoneos;
				SWIFT_ACTIVE_COMPILATION_CONDITIONS = DEBUG;
				SWIFT_OPTIMIZATION_LEVEL = "-Onone";
				TARGETED_DEVICE_FAMILY = "1,2";
			};
			name = Debug;
		};
		20C29B7C1E98E3BF008EEF67 /* Release */ = {
			isa = XCBuildConfiguration;
			buildSettings = {
				ALWAYS_SEARCH_USER_PATHS = NO;
				CLANG_ANALYZER_NONNULL = YES;
				CLANG_ANALYZER_NUMBER_OBJECT_CONVERSION = YES_AGGRESSIVE;
				CLANG_CXX_LANGUAGE_STANDARD = "gnu++0x";
				CLANG_CXX_LIBRARY = "libc++";
				CLANG_ENABLE_MODULES = YES;
				CLANG_ENABLE_OBJC_ARC = YES;
				CLANG_WARN_BOOL_CONVERSION = YES;
				CLANG_WARN_CONSTANT_CONVERSION = YES;
				CLANG_WARN_DIRECT_OBJC_ISA_USAGE = YES_ERROR;
				CLANG_WARN_DOCUMENTATION_COMMENTS = YES;
				CLANG_WARN_EMPTY_BODY = YES;
				CLANG_WARN_ENUM_CONVERSION = YES;
				CLANG_WARN_INFINITE_RECURSION = YES;
				CLANG_WARN_INT_CONVERSION = YES;
				CLANG_WARN_OBJC_ROOT_CLASS = YES_ERROR;
				CLANG_WARN_SUSPICIOUS_MOVE = YES;
				CLANG_WARN_UNREACHABLE_CODE = YES;
				CLANG_WARN__DUPLICATE_METHOD_MATCH = YES;
				"CODE_SIGN_IDENTITY[sdk=iphoneos*]" = "iPhone Developer";
				COPY_PHASE_STRIP = NO;
				DEBUG_INFORMATION_FORMAT = "dwarf-with-dsym";
				ENABLE_NS_ASSERTIONS = NO;
				ENABLE_STRICT_OBJC_MSGSEND = YES;
				GCC_C_LANGUAGE_STANDARD = gnu99;
				GCC_NO_COMMON_BLOCKS = YES;
				GCC_WARN_64_TO_32_BIT_CONVERSION = YES;
				GCC_WARN_ABOUT_RETURN_TYPE = YES_ERROR;
				GCC_WARN_UNDECLARED_SELECTOR = YES;
				GCC_WARN_UNINITIALIZED_AUTOS = YES_AGGRESSIVE;
				GCC_WARN_UNUSED_FUNCTION = YES;
				GCC_WARN_UNUSED_VARIABLE = YES;
				IPHONEOS_DEPLOYMENT_TARGET = 10.3;
				MTL_ENABLE_DEBUG_INFO = NO;
				SDKROOT = iphoneos;
				SWIFT_OPTIMIZATION_LEVEL = "-Owholemodule";
				TARGETED_DEVICE_FAMILY = "1,2";
				VALIDATE_PRODUCT = YES;
			};
			name = Release;
		};
		20C29B7E1E98E3BF008EEF67 /* Debug */ = {
			isa = XCBuildConfiguration;
			buildSettings = {
				ASSETCATALOG_COMPILER_APPICON_NAME = AppIcon;
				DEVELOPMENT_TEAM = SFN8W959NW;
				INFOPLIST_FILE = MatchboxDropbox/Info.plist;
				LD_RUNPATH_SEARCH_PATHS = "$(inherited) @executable_path/Frameworks";
				PRODUCT_BUNDLE_IDENTIFIER = npskinner.MatchboxDropbox;
				PRODUCT_NAME = "$(TARGET_NAME)";
				SWIFT_VERSION = 3.0;
			};
			name = Debug;
		};
		20C29B7F1E98E3BF008EEF67 /* Release */ = {
			isa = XCBuildConfiguration;
			buildSettings = {
				ASSETCATALOG_COMPILER_APPICON_NAME = AppIcon;
				DEVELOPMENT_TEAM = SFN8W959NW;
				INFOPLIST_FILE = MatchboxDropbox/Info.plist;
				LD_RUNPATH_SEARCH_PATHS = "$(inherited) @executable_path/Frameworks";
				PRODUCT_BUNDLE_IDENTIFIER = npskinner.MatchboxDropbox;
				PRODUCT_NAME = "$(TARGET_NAME)";
				SWIFT_VERSION = 3.0;
			};
			name = Release;
		};
		20C29B811E98E3BF008EEF67 /* Debug */ = {
			isa = XCBuildConfiguration;
			buildSettings = {
				ALWAYS_EMBED_SWIFT_STANDARD_LIBRARIES = YES;
				BUNDLE_LOADER = "$(TEST_HOST)";
				DEVELOPMENT_TEAM = SFN8W959NW;
				INFOPLIST_FILE = MatchboxDropboxTests/Info.plist;
				LD_RUNPATH_SEARCH_PATHS = "$(inherited) @executable_path/Frameworks @loader_path/Frameworks";
				PRODUCT_BUNDLE_IDENTIFIER = npskinner.MatchboxDropboxTests;
				PRODUCT_NAME = "$(TARGET_NAME)";
				SWIFT_VERSION = 3.0;
				TEST_HOST = "$(BUILT_PRODUCTS_DIR)/MatchboxDropbox.app/MatchboxDropbox";
			};
			name = Debug;
		};
		20C29B821E98E3BF008EEF67 /* Release */ = {
			isa = XCBuildConfiguration;
			buildSettings = {
				ALWAYS_EMBED_SWIFT_STANDARD_LIBRARIES = YES;
				BUNDLE_LOADER = "$(TEST_HOST)";
				DEVELOPMENT_TEAM = SFN8W959NW;
				INFOPLIST_FILE = MatchboxDropboxTests/Info.plist;
				LD_RUNPATH_SEARCH_PATHS = "$(inherited) @executable_path/Frameworks @loader_path/Frameworks";
				PRODUCT_BUNDLE_IDENTIFIER = npskinner.MatchboxDropboxTests;
				PRODUCT_NAME = "$(TARGET_NAME)";
				SWIFT_VERSION = 3.0;
				TEST_HOST = "$(BUILT_PRODUCTS_DIR)/MatchboxDropbox.app/MatchboxDropbox";
			};
			name = Release;
		};
/* End XCBuildConfiguration section */

/* Begin XCConfigurationList section */
		20C29B581E98E3BF008EEF67 /* Build configuration list for PBXProject "MatchboxDropbox" */ = {
			isa = XCConfigurationList;
			buildConfigurations = (
				20C29B7B1E98E3BF008EEF67 /* Debug */,
				20C29B7C1E98E3BF008EEF67 /* Release */,
			);
			defaultConfigurationIsVisible = 0;
			defaultConfigurationName = Release;
		};
		20C29B7D1E98E3BF008EEF67 /* Build configuration list for PBXNativeTarget "MatchboxDropbox" */ = {
			isa = XCConfigurationList;
			buildConfigurations = (
				20C29B7E1E98E3BF008EEF67 /* Debug */,
				20C29B7F1E98E3BF008EEF67 /* Release */,
			);
			defaultConfigurationIsVisible = 0;
		};
		20C29B801E98E3BF008EEF67 /* Build configuration list for PBXNativeTarget "MatchboxDropboxTests" */ = {
			isa = XCConfigurationList;
			buildConfigurations = (
				20C29B811E98E3BF008EEF67 /* Debug */,
				20C29B821E98E3BF008EEF67 /* Release */,
			);
			defaultConfigurationIsVisible = 0;
		};
/* End XCConfigurationList section */

/* Begin XCVersionGroup section */
		20C29B671E98E3BF008EEF67 /* MatchboxDropbox.xcdatamodeld */ = {
			isa = XCVersionGroup;
			children = (
				20C29B681E98E3BF008EEF67 /* MatchboxDropbox.xcdatamodel */,
			);
			currentVersion = 20C29B681E98E3BF008EEF67 /* MatchboxDropbox.xcdatamodel */;
			path = MatchboxDropbox.xcdatamodeld;
			sourceTree = "<group>";
			versionGroupType = wrapper.xcdatamodel;
		};
/* End XCVersionGroup section */
	};
	rootObject = 20C29B551E98E3BF008EEF67 /* Project object */;
}
